
Microsoft Visual Studio Solution File, Format Version 12.00
# Visual Studio 2012
Project("{FAE04EC0-301F-11D3-BF4B-00C04F79EFBC}") = "MainWeb", "MainWeb\MainWeb.csproj", "{A8402AF8-F151-4729-8926-C39DB9634FA1}"
EndProject
Project("{FAE04EC0-301F-11D3-BF4B-00C04F79EFBC}") = "MainWeb.Tests", "MainWeb.Tests\MainWeb.Tests.csproj", "{0231B9AD-A801-4FB7-A554-FE78759D1F95}"
EndProject
Project("{FAE04EC0-301F-11D3-BF4B-00C04F79EFBC}") = "FileUploadClient", "FileUploadClient\FileUploadClient.csproj", "{BBC08578-8E01-4279-BBA6-9977C753723A}"
EndProject
Project("{FAE04EC0-301F-11D3-BF4B-00C04F79EFBC}") = "KeyGen", "KeyGen\KeyGen.csproj", "{35813987-BF53-4D21-BF54-D2A92613F42C}"
EndProject
Global
	GlobalSection(SolutionConfigurationPlatforms) = preSolution
		Debug|Any CPU = Debug|Any CPU
		Release|Any CPU = Release|Any CPU
	EndGlobalSection
	GlobalSection(ProjectConfigurationPlatforms) = postSolution
		{A8402AF8-F151-4729-8926-C39DB9634FA1}.Debug|Any CPU.ActiveCfg = Debug|Any CPU
		{A8402AF8-F151-4729-8926-C39DB9634FA1}.Debug|Any CPU.Build.0 = Debug|Any CPU
		{A8402AF8-F151-4729-8926-C39DB9634FA1}.Release|Any CPU.ActiveCfg = Release|Any CPU
		{A8402AF8-F151-4729-8926-C39DB9634FA1}.Release|Any CPU.Build.0 = Release|Any CPU
		{0231B9AD-A801-4FB7-A554-FE78759D1F95}.Debug|Any CPU.ActiveCfg = Debug|Any CPU
		{0231B9AD-A801-4FB7-A554-FE78759D1F95}.Debug|Any CPU.Build.0 = Debug|Any CPU
		{0231B9AD-A801-4FB7-A554-FE78759D1F95}.Release|Any CPU.ActiveCfg = Release|Any CPU
		{0231B9AD-A801-4FB7-A554-FE78759D1F95}.Release|Any CPU.Build.0 = Release|Any CPU
		{BBC08578-8E01-4279-BBA6-9977C753723A}.Debug|Any CPU.ActiveCfg = Debug|Any CPU
		{BBC08578-8E01-4279-BBA6-9977C753723A}.Debug|Any CPU.Build.0 = Debug|Any CPU
		{BBC08578-8E01-4279-BBA6-9977C753723A}.Release|Any CPU.ActiveCfg = Release|Any CPU
		{BBC08578-8E01-4279-BBA6-9977C753723A}.Release|Any CPU.Build.0 = Release|Any CPU
		{35813987-BF53-4D21-BF54-D2A92613F42C}.Debug|Any CPU.ActiveCfg = Debug|Any CPU
		{35813987-BF53-4D21-BF54-D2A92613F42C}.Debug|Any CPU.Build.0 = Debug|Any CPU
		{35813987-BF53-4D21-BF54-D2A92613F42C}.Release|Any CPU.ActiveCfg = Release|Any CPU
		{35813987-BF53-4D21-BF54-D2A92613F42C}.Release|Any CPU.Build.0 = Release|Any CPU
	EndGlobalSection
	GlobalSection(SolutionProperties) = preSolution
		HideSolutionNode = FALSE
	EndGlobalSection
EndGlobal
